
Microsoft Visual Studio Solution File, Format Version 12.00
# Visual Studio Version 16
VisualStudioVersion = 16.0.29020.237
MinimumVisualStudioVersion = 10.0.40219.1
Project("{FAE04EC0-301F-11D3-BF4B-00C04F79EFBC}") = "Server", "Server\Server.csproj", "{4CB6E025-72ED-4DA1-A7C4-F4025201774F}"
EndProject
Project("{FAE04EC0-301F-11D3-BF4B-00C04F79EFBC}") = "Client", "Client\Client.csproj", "{DB2191CA-264F-4F11-AACF-C82B33A593E0}"
EndProject
Global
	GlobalSection(SolutionConfigurationPlatforms) = preSolution
		Debug|Any CPU = Debug|Any CPU
		Release|Any CPU = Release|Any CPU
	EndGlobalSection
	GlobalSection(ProjectConfigurationPlatforms) = postSolution
		{4CB6E025-72ED-4DA1-A7C4-F4025201774F}.Debug|Any CPU.ActiveCfg = Debug|Any CPU
		{4CB6E025-72ED-4DA1-A7C4-F4025201774F}.Debug|Any CPU.Build.0 = Debug|Any CPU
		{4CB6E025-72ED-4DA1-A7C4-F4025201774F}.Release|Any CPU.ActiveCfg = Release|Any CPU
		{4CB6E025-72ED-4DA1-A7C4-F4025201774F}.Release|Any CPU.Build.0 = Release|Any CPU
		{DB2191CA-264F-4F11-AACF-C82B33A593E0}.Debug|Any CPU.ActiveCfg = Debug|Any CPU
		{DB2191CA-264F-4F11-AACF-C82B33A593E0}.Debug|Any CPU.Build.0 = Debug|Any CPU
		{DB2191CA-264F-4F11-AACF-C82B33A593E0}.Release|Any CPU.ActiveCfg = Release|Any CPU
		{DB2191CA-264F-4F11-AACF-C82B33A593E0}.Release|Any CPU.Build.0 = Release|Any CPU
	EndGlobalSection
	GlobalSection(SolutionProperties) = preSolution
		HideSolutionNode = FALSE
	EndGlobalSection
	GlobalSection(ExtensibilityGlobals) = postSolution
		SolutionGuid = {864E25B7-B50A-4ECB-B373-832307F3E9DB}
	EndGlobalSection
EndGlobal
